<?xml version="1.0" encoding="utf-8"?>
<Project ToolsVersion="4.0" xmlns="http://schemas.microsoft.com/developer/msbuild/2003">
  <ItemGroup>
    <Filter Include="Resources">
      <UniqueIdentifier>{67DA6AB6-F800-4c08-8B7A-83BB121AAD01}</UniqueIdentifier>
      <Extensions>rc;ico;cur;bmp;dlg;rc2;rct;bin;rgs;gif;jpg;jpeg;jpe;resx;tiff;tif;png;wav;mfcribbon-ms</Extensions>
    </Filter>
    <Filter Include="Documents">
      <UniqueIdentifier>{41f93295-bbce-4d4c-b942-4515c11b357d}</UniqueIdentifier>
      <Extensions>md;txt;pdf</Extensions>
    </Filter>
    <Filter Include="Include">
      <UniqueIdentifier>{93995380-89BD-4b04-88EB-625FBE52EBFB}</UniqueIdentifier>
      <Extensions>
      </Extensions>
    </Filter>
    <Filter Include="Include\Collections">
      <UniqueIdentifier>{bb7bb4c9-39c3-4ac7-b033-c752c0cec4d7}</UniqueIdentifier>
    </Filter>
    <Filter Include="Include\Errors">
      <UniqueIdentifier>{0efb8298-425d-438c-ac9c-e1aba6120891}</UniqueIdentifier>
    </Filter>
    <Filter Include="Include\Events">
      <UniqueIdentifier>{6309d6df-9d85-4228-a827-5c27b5922499}</UniqueIdentifier>
    </Filter>
    <Filter Include="Include\Services">
      <UniqueIdentifier>{a35a1321-4e93-4a53-bc8a-e98ab6a1e528}</UniqueIdentifier>
    </Filter>
    <Filter Include="Include\Text">
      <UniqueIdentifier>{3ae3b2e0-1fd9-477a-9fc9-1eb06bd74a6b}</UniqueIdentifier>
    </Filter>
    <Filter Include="Include\Threading">
      <UniqueIdentifier>{24180d59-543e-4527-9fb6-ec853983543e}</UniqueIdentifier>
    </Filter>
    <Filter Include="Source">
      <UniqueIdentifier>{4FC737F1-C7A5-4376-A066-2A32D752A2FF}</UniqueIdentifier>
      <Extensions>cpp;c;cc;cxx;def;odl;idl;hpj;bat;asm;asmx;h;hh;hpp;hxx;hm;inl;inc;ipp;xsd</Extensions>
    </Filter>
    <Filter Include="Source\Collections">
      <UniqueIdentifier>{3383d190-2e62-4a51-8b20-02524ed4b332}</UniqueIdentifier>
    </Filter>
    <Filter Include="Source\Errors">
      <UniqueIdentifier>{3f6da7d5-6d44-4081-8eda-bafe5849e090}</UniqueIdentifier>
    </Filter>
    <Filter Include="Source\Events">
      <UniqueIdentifier>{e3f61b78-199d-4daf-9335-3bfce32621d4}</UniqueIdentifier>
    </Filter>
    <Filter Include="Source\Helpers">
      <UniqueIdentifier>{41337d1c-187d-4d7b-8eea-9eb521d00b08}</UniqueIdentifier>
    </Filter>
    <Filter Include="Source\Services">
      <UniqueIdentifier>{8776ca34-6ac1-43ca-9e2f-723d4bc5843b}</UniqueIdentifier>
    </Filter>
    <Filter Include="Source\Text">
      <UniqueIdentifier>{f20ce72c-f037-4bfc-8e47-a38db78850de}</UniqueIdentifier>
    </Filter>
    <Filter Include="Source\Text\Dragon4">
      <UniqueIdentifier>{a269f932-f334-49f2-b999-0fef78045fdd}</UniqueIdentifier>
    </Filter>
    <Filter Include="Source\Text\Erthink">
      <UniqueIdentifier>{1fb4616e-8299-4ad2-bc51-3a40b06d192f}</UniqueIdentifier>
    </Filter>
    <Filter Include="Source\Text\Ryu">
      <UniqueIdentifier>{6d6734f5-932c-4dcd-bb67-6a9b69db0f2e}</UniqueIdentifier>
    </Filter>
    <Filter Include="Source\Text\Utf8">
      <UniqueIdentifier>{7f8c6eb7-89ef-4d69-ba39-1aceecbfc54a}</UniqueIdentifier>
    </Filter>
    <Filter Include="Source\Text\Utf8Fold">
      <UniqueIdentifier>{a464efe7-4a41-43bd-8cc9-46d5ae179e0f}</UniqueIdentifier>
    </Filter>
    <Filter Include="Source\Threading">
      <UniqueIdentifier>{c3c71559-2291-4f45-8938-c3cf232c87c5}</UniqueIdentifier>
    </Filter>
    <Filter Include="Tests">
      <UniqueIdentifier>{6bba9bc0-cf59-4753-8206-8b3ee0c353d1}</UniqueIdentifier>
    </Filter>
    <Filter Include="Tests\Collections">
      <UniqueIdentifier>{dfcecd36-6a9a-4984-9d82-dbb40469135e}</UniqueIdentifier>
    </Filter>
    <Filter Include="Tests\Events">
      <UniqueIdentifier>{8d3a2c7c-0eac-4fd9-93e8-cf42d1a55f7b}</UniqueIdentifier>
    </Filter>
    <Filter Include="Tests\Services">
      <UniqueIdentifier>{0284c8eb-686e-418f-a221-c574bc42ea8d}</UniqueIdentifier>
    </Filter>
    <Filter Include="Tests\Text">
      <UniqueIdentifier>{e379eb40-5772-47b9-96be-58023afd7cd0}</UniqueIdentifier>
    </Filter>
    <Filter Include="Tests\Threading">
      <UniqueIdentifier>{2781deb4-4664-4b67-a3ae-7d695e2ed2fa}</UniqueIdentifier>
    </Filter>
  </ItemGroup>
  <ItemGroup>
    <ClInclude Include="Include\Nuclex\Support\Collections\Collection.h">
      <Filter>Include\Collections</Filter>
    </ClInclude>
    <ClInclude Include="Include\Nuclex\Support\Collections\ConcurrentCollection.h">
      <Filter>Include\Collections</Filter>
    </ClInclude>
    <ClInclude Include="Include\Nuclex\Support\Collections\ConcurrentRingBuffer.h">
      <Filter>Include\Collections</Filter>
    </ClInclude>
    <ClInclude Include="Include\Nuclex\Support\Collections\ConcurrentRingBuffer.MPSC.inl">
      <Filter>Include\Collections</Filter>
    </ClInclude>
    <ClInclude Include="Include\Nuclex\Support\Collections\ConcurrentRingBuffer.SPSC.inl">
      <Filter>Include\Collections</Filter>
    </ClInclude>
    <ClInclude Include="Include\Nuclex\Support\Collections\ConcurrentRingBuffer.MPMC.inl">
      <Filter>Include\Collections</Filter>
    </ClInclude>
    <ClInclude Include="Include\Nuclex\Support\Collections\DynamicArray.h">
      <Filter>Include\Collections</Filter>
    </ClInclude>
    <ClInclude Include="Include\Nuclex\Support\Collections\IndexedCollection.h">
      <Filter>Include\Collections</Filter>
    </ClInclude>
    <ClInclude Include="Include\Nuclex\Support\Collections\ObservableCollection.h">
      <Filter>Include\Collections</Filter>
    </ClInclude>
    <ClInclude Include="Include\Nuclex\Support\Collections\ObservableDynamicArray.h">
      <Filter>Include\Collections</Filter>
    </ClInclude>
    <ClInclude Include="Include\Nuclex\Support\Collections\ObservableIndexedCollection.h">
      <Filter>Include\Collections</Filter>
    </ClInclude>
    <ClInclude Include="Include\Nuclex\Support\Collections\RingQueue.h">
      <Filter>Include\Collections</Filter>
    </ClInclude>
    <ClInclude Include="Include\Nuclex\Support\Collections\ShiftQueue.h">
      <Filter>Include\Collections</Filter>
    </ClInclude>
    <ClInclude Include="Include\Nuclex\Support\Errors\EmptyDelegateCallError.h">
      <Filter>Include\Errors</Filter>
    </ClInclude>
    <ClInclude Include="Include\Nuclex\Support\Errors\UnresolvedDependencyError.h">
      <Filter>Include\Errors</Filter>
    </ClInclude>
    <ClInclude Include="Include\Nuclex\Support\Events\Event.h">
      <Filter>Include\Events</Filter>
    </ClInclude>
    <ClInclude Include="Include\Nuclex\Support\Events\Delegate.h">
      <Filter>Include\Events</Filter>
    </ClInclude>
    <ClInclude Include="Include\Nuclex\Support\Services\LazyServiceInjector.h">
      <Filter>Include\Services</Filter>
    </ClInclude>
    <ClInclude Include="Include\Nuclex\Support\Services\ServiceContainer.h">
      <Filter>Include\Services</Filter>
    </ClInclude>
    <ClInclude Include="Include\Nuclex\Support\Services\ServiceProvider.h">
      <Filter>Include\Services</Filter>
    </ClInclude>
    <ClInclude Include="Include\Nuclex\Support\Services\Checks.inl">
      <Filter>Include\Services</Filter>
    </ClInclude>
    <ClInclude Include="Include\Nuclex\Support\Services\ConstructorSignature.inl">
      <Filter>Include\Services</Filter>
    </ClInclude>
    <ClInclude Include="Include\Nuclex\Support\Services\ConstructorSignatureDetector.inl">
      <Filter>Include\Services</Filter>
    </ClInclude>
    <ClInclude Include="Include\Nuclex\Support\Services\ServiceFactory.inl">
      <Filter>Include\Services</Filter>
    </ClInclude>
    <ClInclude Include="Include\Nuclex\Support\Services\IntegerSequence.inl">
      <Filter>Include\Services</Filter>
    </ClInclude>
    <ClInclude Include="Include\Nuclex\Support\Text\LexicalAppend.h">
      <Filter>Include\Text</Filter>
    </ClInclude>
    <ClInclude Include="Include\Nuclex\Support\Text\LexicalCast.h">
      <Filter>Include\Text</Filter>
    </ClInclude>
    <ClInclude Include="Include\Nuclex\Support\Text\Logger.h">
      <Filter>Include\Text</Filter>
    </ClInclude>
    <ClInclude Include="Include\Nuclex\Support\Text\RollingLogger.h">
      <Filter>Include\Text</Filter>
    </ClInclude>
    <ClInclude Include="Include\Nuclex\Support\Text\StatusObserver.h">
      <Filter>Include\Text</Filter>
    </ClInclude>
    <ClInclude Include="Include\Nuclex\Support\Text\StringConverter.h">
      <Filter>Include\Text</Filter>
    </ClInclude>
    <ClInclude Include="Include\Nuclex\Support\Text\StringMatcher.h">
      <Filter>Include\Text</Filter>
    </ClInclude>
    <ClInclude Include="Include\Nuclex\Support\Threading\Thread.h">
      <Filter>Include\Threading</Filter>
    </ClInclude>
    <ClInclude Include="Include\Nuclex\Support\Any.h">
      <Filter>Include</Filter>
    </ClInclude>
    <ClInclude Include="Include\Nuclex\Support\BitTricks.h">
      <Filter>Include</Filter>
    </ClInclude>
    <ClInclude Include="Include\Nuclex\Support\Config.h">
      <Filter>Include</Filter>
    </ClInclude>
    <ClInclude Include="Include\Nuclex\Support\Optional.h">
      <Filter>Include</Filter>
    </ClInclude>
    <ClInclude Include="Include\Nuclex\Support\ScopeGuard.h">
      <Filter>Include</Filter>
    </ClInclude>
    <ClInclude Include="Include\Nuclex\Support\Variant.h">
      <Filter>Include</Filter>
    </ClInclude>
    <ClInclude Include="Include\Nuclex\Support\VariantType.h">
      <Filter>Include</Filter>
    </ClInclude>
  </ItemGroup>
  <ItemGroup>
    <ClCompile Include="Source\Collections\Collection.cpp">
      <Filter>Source\Collections</Filter>
    </ClCompile>
    <ClCompile Include="Source\Collections\ConcurrentCollection.cpp">
      <Filter>Source\Collections</Filter>
    </ClCompile>
    <ClCompile Include="Source\Collections\ConcurrentRingBuffer.cpp">
      <Filter>Source\Collections</Filter>
    </ClCompile>
    <ClCompile Include="Source\Collections\DynamicArray.cpp">
      <Filter>Source\Collections</Filter>
    </ClCompile>
    <ClCompile Include="Source\Collections\IndexedCollection.cpp">
      <Filter>Source\Collections</Filter>
    </ClCompile>
    <ClCompile Include="Source\Collections\ObservableCollection.cpp">
      <Filter>Source\Collections</Filter>
    </ClCompile>
    <ClCompile Include="Source\Collections\ObservableDynamicArray.cpp">
      <Filter>Source\Collections</Filter>
    </ClCompile>
    <ClCompile Include="Source\Collections\ObservableIndexedCollection.cpp">
      <Filter>Source\Collections</Filter>
    </ClCompile>
    <ClCompile Include="Source\Collections\RingQueue.cpp">
      <Filter>Source\Collections</Filter>
    </ClCompile>
    <ClCompile Include="Source\Collections\ShiftQueue.cpp">
      <Filter>Source\Collections</Filter>
    </ClCompile>
    <ClCompile Include="Source\Errors\EmptyDelegateCallError.cpp">
      <Filter>Source\Errors</Filter>
    </ClCompile>
    <ClCompile Include="Source\Errors\UnresolvedDependencyError.cpp">
      <Filter>Source\Errors</Filter>
    </ClCompile>
    <ClCompile Include="Source\Events\Delegate.cpp">
      <Filter>Source\Events</Filter>
    </ClCompile>
    <ClCompile Include="Source\Events\Event.cpp">
      <Filter>Source\Events</Filter>
    </ClCompile>
    <ClInclude Include="Source\Helpers\PosixApi.h">
      <Filter>Source\Helpers</Filter>
    </ClInclude>
    <ClCompile Include="Source\Helpers\PosixApi.cpp">
      <Filter>Source\Helpers</Filter>
    </ClCompile>
    <ClInclude Include="Source\Helpers\WindowsApi.h">
      <Filter>Source\Helpers</Filter>
    </ClInclude>
    <ClCompile Include="Source\Helpers\WindowsApi.cpp">
      <Filter>Source\Helpers</Filter>
    </ClCompile>
    <ClCompile Include="Source\Services\LazyServiceInjector.cpp">
      <Filter>Source\Services</Filter>
    </ClCompile>
    <ClCompile Include="Source\Services\ServiceContainer.cpp">
      <Filter>Source\Services</Filter>
    </ClCompile>
    <ClCompile Include="Source\Services\ServiceProvider.cpp">
      <Filter>Source\Services</Filter>
    </ClCompile>
    <ClCompile Include="Source\Text\Dragon4\Dragon4.cpp">
      <Filter>Source\Text\Dragon4</Filter>
    </ClCompile>
    <ClCompile Include="Source\Text\Dragon4\Math.cpp">
      <Filter>Source\Text\Dragon4</Filter>
    </ClCompile>
    <ClCompile Include="Source\Text\Dragon4\PrintFloat.cpp">
      <Filter>Source\Text\Dragon4</Filter>
    </ClCompile>
    <ClInclude Include="Source\Text\Dragon4\Dragon4.h">
      <Filter>Source\Text\Dragon4</Filter>
    </ClInclude>
    <ClInclude Include="Source\Text\Dragon4\Math.h">
      <Filter>Source\Text\Dragon4</Filter>
    </ClInclude>
    <ClInclude Include="Source\Text\Dragon4\PrintFloat.h">
      <Filter>Source\Text\Dragon4</Filter>
    </ClInclude>
    <ClInclude Include="Source\Text\Dragon4\Standard.h">
      <Filter>Source\Text\Dragon4</Filter>
    </ClInclude>
    <ClInclude Include="Source\Text\Erthink\erthink.h">
      <Filter>Source\Text\Erthink</Filter>
    </ClInclude>
    <ClInclude Include="Source\Text\Erthink\erthink_arch.h">
      <Filter>Source\Text\Erthink</Filter>
    </ClInclude>
    <ClInclude Include="Source\Text\Erthink\erthink_defs.h">
      <Filter>Source\Text\Erthink</Filter>
    </ClInclude>
    <ClInclude Include="Source\Text\Erthink\erthink_misc.h">
      <Filter>Source\Text\Erthink</Filter>
    </ClInclude>
    <ClInclude Include="Source\Text\Erthink\erthink_u2a.h">
      <Filter>Source\Text\Erthink</Filter>
    </ClInclude>
    <ClCompile Include="Source\Text\Ryu\d2fixed.c">
      <Filter>Source\Text\Ryu</Filter>
    </ClCompile>
    <ClCompile Include="Source\Text\Ryu\d2s.c">
      <Filter>Source\Text\Ryu</Filter>
    </ClCompile>
    <ClCompile Include="Source\Text\Ryu\f2s.c">
      <Filter>Source\Text\Ryu</Filter>
    </ClCompile>
    <ClCompile Include="Source\Text\Ryu\generic_128.c">
      <Filter>Source\Text\Ryu</Filter>
    </ClCompile>
    <ClCompile Include="Source\Text\Ryu\s2d.c">
      <Filter>Source\Text\Ryu</Filter>
    </ClCompile>
    <ClInclude Include="Source\Text\Ryu\common.h">
      <Filter>Source\Text\Ryu</Filter>
    </ClInclude>
    <ClInclude Include="Source\Text\Ryu\d2fixed_full_table.h">
      <Filter>Source\Text\Ryu</Filter>
    </ClInclude>
    <ClInclude Include="Source\Text\Ryu\d2s_full_table.h">
      <Filter>Source\Text\Ryu</Filter>
    </ClInclude>
    <ClInclude Include="Source\Text\Ryu\d2s_intrinsics.h">
      <Filter>Source\Text\Ryu</Filter>
    </ClInclude>
    <ClInclude Include="Source\Text\Ryu\d2s_small_table.h">
      <Filter>Source\Text\Ryu</Filter>
    </ClInclude>
    <ClInclude Include="Source\Text\Ryu\digit_table.h">
      <Filter>Source\Text\Ryu</Filter>
    </ClInclude>
    <ClInclude Include="Source\Text\Ryu\f2s_full_table.h">
      <Filter>Source\Text\Ryu</Filter>
    </ClInclude>
    <ClInclude Include="Source\Text\Ryu\generic_128.h">
      <Filter>Source\Text\Ryu</Filter>
    </ClInclude>
    <ClInclude Include="Source\Text\Ryu\ryu.h">
      <Filter>Source\Text\Ryu</Filter>
    </ClInclude>
    <ClInclude Include="Source\Text\Ryu\ryu_generic_128.h">
      <Filter>Source\Text\Ryu</Filter>
    </ClInclude>
    <ClInclude Include="Source\Text\Ryu\ryu_parse.h">
      <Filter>Source\Text\Ryu</Filter>
    </ClInclude>
    <ClInclude Include="Source\Text\Utf8\checked.h">
      <Filter>Source\Text\Utf8</Filter>
    </ClInclude>
    <ClInclude Include="Source\Text\Utf8\core.h">
      <Filter>Source\Text\Utf8</Filter>
    </ClInclude>
    <ClInclude Include="Source\Text\Utf8\unchecked.h">
      <Filter>Source\Text\Utf8</Filter>
    </ClInclude>
    <ClInclude Include="Source\Text\Utf8Fold\Utf8Fold.h">
      <Filter>Source\Text\Utf8Fold</Filter>
    </ClInclude>
    <ClCompile Include="Source\Text\LexicalAppend.cpp">
      <Filter>Source\Text</Filter>
    </ClCompile>
    <ClCompile Include="Source\Text\LexicalCast.cpp">
      <Filter>Source\Text</Filter>
    </ClCompile>
    <ClCompile Include="Source\Text\Logger.cpp">
      <Filter>Source\Text</Filter>
    </ClCompile>
    <ClCompile Include="Source\Text\RollingLogger.cpp">
      <Filter>Source\Text</Filter>
    </ClCompile>
    <ClCompile Include="Source\Text\StatusObserver.cpp">
      <Filter>Source\Text</Filter>
    </ClCompile>
    <ClCompile Include="Source\Text\StringConverter.cpp">
      <Filter>Source\Text</Filter>
    </ClCompile>
    <ClCompile Include="Source\Text\StringMatcher.cpp">
      <Filter>Source\Text</Filter>
    </ClCompile>
    <ClCompile Include="Source\Threading\Thread.cpp">
      <Filter>Source\Threading</Filter>
    </ClCompile>
    <ClCompile Include="Source\Any.cpp">
      <Filter>Source</Filter>
    </ClCompile>
    <ClCompile Include="Source\BitTricks.cpp">
      <Filter>Source</Filter>
    </ClCompile>
    <ClCompile Include="Source\Config.cpp">
      <Filter>Source</Filter>
    </ClCompile>
    <ClCompile Include="Source\Optional.cpp">
      <Filter>Source</Filter>
    </ClCompile>
    <ClCompile Include="Source\ScopeGuard.cpp">
      <Filter>Source</Filter>
    </ClCompile>
    <ClCompile Include="Source\Variant.cpp">
      <Filter>Source</Filter>
    </ClCompile>
    <ClCompile Include="Source\VariantType.cpp">
      <Filter>Source</Filter>
    </ClCompile>
  </ItemGroup>
  <ItemGroup>
    <ClCompile Include="Tests\Collections\BufferTest.cpp">
      <Filter>Tests\Collections</Filter>
    </ClCompile>
    <ClInclude Include="Tests\Collections\BufferTest.h">
      <Filter>Tests\Collections</Filter>
    </ClInclude>
    <ClCompile Include="Tests\Collections\ConcurrentBufferTest.cpp">
      <Filter>Tests\Collections</Filter>
    </ClCompile>
    <ClInclude Include="Tests\Collections\ConcurrentBufferTest.h">
      <Filter>Tests\Collections</Filter>
    </ClInclude>
    <ClCompile Include="Tests\Collections\ConcurrentRingBufferTest_MPMC.cpp">
      <Filter>Tests\Collections</Filter>
    </ClCompile>
    <ClCompile Include="Tests\Collections\ConcurrentRingBufferTest_MPSC.cpp">
      <Filter>Tests\Collections</Filter>
    </ClCompile>
    <ClCompile Include="Tests\Collections\ConcurrentRingBufferTest_SPSC.cpp">
      <Filter>Tests\Collections</Filter>
    </ClCompile>
    <ClCompile Include="Tests\Collections\DynamicArrayTest.cpp">
      <Filter>Tests\Collections</Filter>
    </ClCompile>
    <ClCompile Include="Tests\Collections\RingQueueDeathTest.cpp">
      <Filter>Tests\Collections</Filter>
    </ClCompile>
    <ClCompile Include="Tests\Collections\RingQueueTest.cpp">
      <Filter>Tests\Collections</Filter>
    </ClCompile>
    <ClCompile Include="Tests\Collections\ShiftQueueTest.cpp">
      <Filter>Tests\Collections</Filter>
    </ClCompile>
    <ClCompile Include="Tests\Collections\ShiftQueueDeathTest.cpp">
      <Filter>Tests\Collections</Filter>
    </ClCompile>
    <ClCompile Include="Tests\Events\DelegateTests.cpp">
      <Filter>Tests\Events</Filter>
    </ClCompile>
    <ClCompile Include="Tests\Events\EventTests.cpp">
      <Filter>Tests\Events</Filter>
    </ClCompile>
    <ClCompile Include="Tests\Services\LazyServiceInjectorTest.cpp">
      <Filter>Tests\Services</Filter>
    </ClCompile>
    <ClCompile Include="Tests\Services\ServiceContainerTest.cpp">
      <Filter>Tests\Services</Filter>
    </ClCompile>
    <ClCompile Include="Tests\Text\LexicalCastTest.cpp">
      <Filter>Tests\Text</Filter>
    </ClCompile>
    <ClCompile Include="Tests\Text\LexicalAppendTest.cpp">
      <Filter>Tests\Text</Filter>
    </ClCompile>
    <ClCompile Include="Tests\Text\RollingLoggerTest.cpp">
      <Filter>Tests\Text</Filter>
    </ClCompile>
    <ClCompile Include="Tests\Text\StringConverterTest.cpp">
      <Filter>Tests\Text</Filter>
    </ClCompile>
    <ClCompile Include="Tests\Text\StringMatcherTest.cpp">
      <Filter>Tests\Text</Filter>
    </ClCompile>
    <ClCompile Include="Tests\Threading\ThreadTest.cpp">
      <Filter>Tests\Threading</Filter>
    </ClCompile>
    <ClCompile Include="Tests\AnyTests.cpp">
      <Filter>Tests</Filter>
    </ClCompile>
    <ClCompile Include="Tests\BitTricksTest.cpp">
      <Filter>Tests</Filter>
    </ClCompile>
    <ClCompile Include="Tests\OptionalTests.cpp">
      <Filter>Tests</Filter>
    </ClCompile>
    <ClCompile Include="Tests\ScopeGuardTest.cpp">
      <Filter>Tests</Filter>
    </ClCompile>
    <ClCompile Include="Tests\VariantTests.cpp">
      <Filter>Tests</Filter>
    </ClCompile>
  </ItemGroup>
  <ItemGroup>
    <None Include="Nuclex.Support.Native.def">
      <Filter>Resources</Filter>
    </None>
    <None Include="Documents\David Gay - Correctly Rounded Binary-Decimal and Decimal-Binary Conversions.pdf">
      <Filter>Documents</Filter>
    </None>
    <None Include="Documents\Florian Loitsch - Printing Floating-Point Numbers Quickly and Accurately with Integers.pdf">
      <Filter>Documents</Filter>
    </None>
    <None Include="Documents\Marc Andrysco - Printing Floating-Point Numbers, An Always Correct Method.pdf">
      <Filter>Documents</Filter>
    </None>
    <None Include="Documents\Ulf Adams - Ryu Fast Float to String Conversion.pdf">
      <Filter>Documents</Filter>
    </None>
    <Text Include="Documents\Copyright.md">
      <Filter>Documents</Filter>
    </Text>
    <Text Include="Documents\EventBenchmark.md">
      <Filter>Documents</Filter>
    </Text>
    <None Include="Documents\Adam Morrison - Fast Concurrent queues for x86 Processors.pdf">
      <Filter>Documents</Filter>
    </None>
    <None Include="Documents\Hakan Sundell - Fast and Lock-Free Concurrent Priority Queues.pdf">
      <Filter>Documents</Filter>
    </None>
  </ItemGroup>
</Project>