<?xml version="1.0" encoding="utf-8"?>
<Project ToolsVersion="4.0" xmlns="http://schemas.microsoft.com/developer/msbuild/2003">
  <ItemGroup>
    <Filter Include="Include">
      <UniqueIdentifier>{93995380-89BD-4b04-88EB-625FBE52EBFB}</UniqueIdentifier>
      <Extensions>
      </Extensions>
    </Filter>
    <Filter Include="Resources">
      <UniqueIdentifier>{67DA6AB6-F800-4c08-8B7A-83BB121AAD01}</UniqueIdentifier>
      <Extensions>rc;ico;cur;bmp;dlg;rc2;rct;bin;rgs;gif;jpg;jpeg;jpe;resx;tiff;tif;png;wav;mfcribbon-ms</Extensions>
    </Filter>
    <Filter Include="Source">
      <UniqueIdentifier>{4FC737F1-C7A5-4376-A066-2A32D752A2FF}</UniqueIdentifier>
      <Extensions>cpp;c;cc;cxx;def;odl;idl;hpj;bat;asm;asmx;h;hh;hpp;hxx;hm;inl;inc;ipp;xsd</Extensions>
    </Filter>
    <Filter Include="Documents">
      <UniqueIdentifier>{42dfb8e3-ec12-4748-8fd2-96f6e7817f4a}</UniqueIdentifier>
      <Extensions>md;txt;pdf</Extensions>
    </Filter>
    <Filter Include="Include\Errors">
      <UniqueIdentifier>{5019b844-f142-415a-a6d8-f084a8b92b7e}</UniqueIdentifier>
    </Filter>
    <Filter Include="Include\Storage">
      <UniqueIdentifier>{b2f8a800-3479-41a8-9d14-3867642aecab}</UniqueIdentifier>
    </Filter>
    <Filter Include="Source\Errors">
      <UniqueIdentifier>{ebd44850-e0f1-49dc-a0ea-0242c047049a}</UniqueIdentifier>
    </Filter>
    <Filter Include="Source\Storage\Utf8">
      <UniqueIdentifier>{f593019e-f8ed-46cd-8276-435c584efdb0}</UniqueIdentifier>
    </Filter>
    <Filter Include="Source\Storage\Utf8Fold">
      <UniqueIdentifier>{8507dbc4-c298-4fd7-bca5-84502d3b2e40}</UniqueIdentifier>
    </Filter>
    <Filter Include="Source\Storage\Jpeg">
      <UniqueIdentifier>{5f5a3e11-8268-45cb-992e-6d307e91cb92}</UniqueIdentifier>
    </Filter>
    <Filter Include="Source\Storage\Png">
      <UniqueIdentifier>{ccf2d327-2ff5-4442-ab16-b3b2e40d1bba}</UniqueIdentifier>
    </Filter>
    <Filter Include="Include\ColorModels">
      <UniqueIdentifier>{18e2ad77-9f3f-4af8-ba11-a73a723fe16b}</UniqueIdentifier>
    </Filter>
    <Filter Include="Source\ColorModels">
      <UniqueIdentifier>{861e6a02-abbe-4406-a3e1-d4d8bc5b7e5d}</UniqueIdentifier>
    </Filter>
    <Filter Include="Source\Storage">
      <UniqueIdentifier>{5050f200-1586-438a-9007-f045bb28c626}</UniqueIdentifier>
    </Filter>
    <Filter Include="Source\Storage\Exr">
      <UniqueIdentifier>{e56e3fcb-ae25-4087-bef7-e515231b39ef}</UniqueIdentifier>
    </Filter>
  </ItemGroup>
  <ItemGroup>
    <ClInclude Include="Include\Nuclex\Pixels\Errors\FileAccessError.h">
      <Filter>Include\Errors</Filter>
    </ClInclude>
    <ClInclude Include="Include\Nuclex\Pixels\Errors\FileFormatError.h">
      <Filter>Include\Errors</Filter>
    </ClInclude>
    <ClInclude Include="Include\Nuclex\Pixels\Errors\WrongSizeError.h">
      <Filter>Include\Errors</Filter>
    </ClInclude>
    <ClInclude Include="Include\Nuclex\Pixels\Storage\BitmapCodec.h">
      <Filter>Include\Storage</Filter>
    </ClInclude>
    <ClInclude Include="Include\Nuclex\Pixels\Storage\BitmapSerializer.h">
      <Filter>Include\Storage</Filter>
    </ClInclude>
    <ClInclude Include="Include\Nuclex\Pixels\Storage\VirtualFile.h">
      <Filter>Include\Storage</Filter>
    </ClInclude>
    <ClInclude Include="Include\Nuclex\Pixels\Storage\OptionalBitmap.h">
      <Filter>Include\Storage</Filter>
    </ClInclude>
    <ClInclude Include="Include\Nuclex\Pixels\ColorModels\RgbColor.h">
      <Filter>Include\ColorModels</Filter>
    </ClInclude>
    <ClInclude Include="Include\Nuclex\Pixels\Bitmap.h">
      <Filter>Include</Filter>
    </ClInclude>
    <ClInclude Include="Include\Nuclex\Pixels\BitmapInfo.h">
      <Filter>Include</Filter>
    </ClInclude>
    <ClInclude Include="Include\Nuclex\Pixels\BitmapMemory.h">
      <Filter>Include</Filter>
    </ClInclude>
    <ClInclude Include="Include\Nuclex\Pixels\Config.h">
      <Filter>Include</Filter>
    </ClInclude>
    <ClInclude Include="Include\Nuclex\Pixels\Half.h">
      <Filter>Include</Filter>
    </ClInclude>
    <ClInclude Include="Include\Nuclex\Pixels\PixelFormat.h">
      <Filter>Include</Filter>
    </ClInclude>
    <ClInclude Include="Include\Nuclex\Pixels\PixelIterator.h">
      <Filter>Include</Filter>
    </ClInclude>
    <ClInclude Include="Include\Nuclex\Pixels\Size.h">
      <Filter>Include</Filter>
    </ClInclude>
    <ClInclude Include="Include\Nuclex\Pixels\Rectangle.h">
      <Filter>Include</Filter>
    </ClInclude>
    <ClInclude Include="Include\Nuclex\Pixels\UInt128.h">
      <Filter>Include</Filter>
    </ClInclude>
  </ItemGroup>
  <ItemGroup>
    <ClCompile Include="Source\Errors\FileAccessError.cpp">
      <Filter>Source\Errors</Filter>
    </ClCompile>
    <ClCompile Include="Source\Errors\FileFormatError.cpp">
      <Filter>Source\Errors</Filter>
    </ClCompile>
    <ClCompile Include="Source\Errors\WrongSizeError.cpp">
      <Filter>Source\Errors</Filter>
    </ClCompile>
    <ClCompile Include="Source\Storage\BitmapCodec.cpp">
      <Filter>Source\Storage</Filter>
    </ClCompile>
    <ClCompile Include="Source\Storage\OptionalBitmap.cpp">
      <Filter>Source\Storage</Filter>
    </ClCompile>
    <ClCompile Include="Source\Storage\RealFile.cpp">
      <Filter>Source\Storage</Filter>
    </ClCompile>
    <ClCompile Include="Source\Storage\VirtualFile.cpp">
      <Filter>Source\Storage</Filter>
    </ClCompile>
    <ClCompile Include="Source\Storage\BitmapSerializer.cpp">
      <Filter>Source\Storage</Filter>
    </ClCompile>
    <ClCompile Include="Source\Storage\Png\PngBitmapCodec.cpp">
      <Filter>Source\Storage\Png</Filter>
    </ClCompile>
    <ClCompile Include="Source\Storage\Jpeg\JpegBitmapCodec.cpp">
      <Filter>Source\Storage\Jpeg</Filter>
    </ClCompile>
    <ClCompile Include="Source\Storage\Jpeg\LibJpegHelpers.cpp">
      <Filter>Source\Storage\Jpeg</Filter>
    </ClCompile>
    <ClCompile Include="Source\Storage\Png\LibPngHelpers.cpp">
      <Filter>Source\Storage\Png</Filter>
    </ClCompile>
    <ClCompile Include="Source\Storage\Exr\ExrBitmapCodec.cpp">
      <Filter>Source\Storage\Exr</Filter>
    </ClCompile>
    <ClCompile Include="Source\ColorModels\RgbColor.cpp">
      <Filter>Source\ColorModels</Filter>
    </ClCompile>
    <ClCompile Include="Source\Storage\Exr\OpenExrHelpers.cpp">
      <Filter>Source\Storage\Exr</Filter>
    </ClCompile>
    <ClInclude Include="Source\Storage\Exr\OpenExrHelpers.h">
      <Filter>Source\Storage\Exr</Filter>
    </ClInclude>
    <ClInclude Include="Source\Storage\RealFile.Windows.inl">
      <Filter>Source\Storage</Filter>
    </ClInclude>
    <ClInclude Include="Source\Storage\RealFile.h">
      <Filter>Source\Storage</Filter>
    </ClInclude>
    <ClInclude Include="Source\Storage\RealFile.Linux.inl">
      <Filter>Source\Storage</Filter>
    </ClInclude>
    <ClInclude Include="Source\Storage\RealFile.Posix.inl">
      <Filter>Source\Storage</Filter>
    </ClInclude>
    <ClInclude Include="Source\Storage\Utf8Fold\Utf8Fold.h">
      <Filter>Source\Storage\Utf8Fold</Filter>
    </ClInclude>
    <ClInclude Include="Source\Storage\Utf8\checked.h">
      <Filter>Source\Storage\Utf8</Filter>
    </ClInclude>
    <ClInclude Include="Source\Storage\Utf8\core.h">
      <Filter>Source\Storage\Utf8</Filter>
    </ClInclude>
    <ClInclude Include="Source\Storage\Utf8\unchecked.h">
      <Filter>Source\Storage\Utf8</Filter>
    </ClInclude>
    <ClInclude Include="Source\Storage\Png\PngBitmapCodec.h">
      <Filter>Source\Storage\Png</Filter>
    </ClInclude>
    <ClInclude Include="Source\Storage\Jpeg\JpegBitmapCodec.h">
      <Filter>Source\Storage\Jpeg</Filter>
    </ClInclude>
    <ClInclude Include="Source\Storage\Jpeg\LibJpegHelpers.h">
      <Filter>Source\Storage\Jpeg</Filter>
    </ClInclude>
    <ClInclude Include="Source\Storage\Png\LibPngHelpers.h">
      <Filter>Source\Storage\Png</Filter>
    </ClInclude>
    <ClInclude Include="Source\Storage\Exr\ExrBitmapCodec.h">
      <Filter>Source\Storage\Exr</Filter>
    </ClInclude>
    <ClCompile Include="Source\Bitmap.cpp">
      <Filter>Source</Filter>
    </ClCompile>
    <ClCompile Include="Source\BitmapInfo.cpp">
      <Filter>Source</Filter>
    </ClCompile>
    <ClCompile Include="Source\BitmapMemory.cpp">
      <Filter>Source</Filter>
    </ClCompile>
    <ClCompile Include="Source\Config.cpp">
      <Filter>Source</Filter>
    </ClCompile>
    <ClCompile Include="Source\Half.cpp">
      <Filter>Source</Filter>
    </ClCompile>
    <ClCompile Include="Source\PixelIterator.cpp">
      <Filter>Source</Filter>
    </ClCompile>
    <ClCompile Include="Source\PixelFormat.cpp">
      <Filter>Source</Filter>
    </ClCompile>
    <ClCompile Include="Source\Rectangle.cpp">
      <Filter>Source</Filter>
    </ClCompile>
    <ClCompile Include="Source\Size.cpp">
      <Filter>Source</Filter>
    </ClCompile>
    <ClCompile Include="Source\UInt128.cpp">
      <Filter>Source</Filter>
    </ClCompile>
  </ItemGroup>
  <ItemGroup>
    <None Include="Nuclex.Pixels.Native.def">
      <Filter>Resources</Filter>
    </None>
  </ItemGroup>
  <ItemGroup>
    <Text Include="Documents\Design.md">
      <Filter>Documents</Filter>
    </Text>
    <Text Include="Documents\Copyright.md">
      <Filter>Documents</Filter>
    </Text>
  </ItemGroup>
</Project>
