<?xml version="1.0" encoding="utf-8"?>
<Project ToolsVersion="4.0" xmlns="http://schemas.microsoft.com/developer/msbuild/2003">
  <ItemGroup>
    <Filter Include="Include">
      <UniqueIdentifier>{93995380-89BD-4b04-88EB-625FBE52EBFB}</UniqueIdentifier>
      <Extensions>
      </Extensions>
    </Filter>
    <Filter Include="Resources">
      <UniqueIdentifier>{67DA6AB6-F800-4c08-8B7A-83BB121AAD01}</UniqueIdentifier>
      <Extensions>rc;ico;cur;bmp;dlg;rc2;rct;bin;rgs;gif;jpg;jpeg;jpe;resx;tiff;tif;png;wav;mfcribbon-ms</Extensions>
    </Filter>
    <Filter Include="Source">
      <UniqueIdentifier>{4FC737F1-C7A5-4376-A066-2A32D752A2FF}</UniqueIdentifier>
      <Extensions>cpp;c;cc;cxx;def;odl;idl;hpj;bat;asm;asmx;h;hh;hpp;hxx;hm;inl;inc;ipp;xsd</Extensions>
    </Filter>
    <Filter Include="Documents">
      <UniqueIdentifier>{42dfb8e3-ec12-4748-8fd2-96f6e7817f4a}</UniqueIdentifier>
      <Extensions>md;txt;pdf</Extensions>
    </Filter>
  </ItemGroup>
  <ItemGroup>
    <ClCompile Include="Source\Bitmap.cpp">
      <Filter>Source</Filter>
    </ClCompile>
    <ClCompile Include="Source\BitmapMemory.cpp">
      <Filter>Source</Filter>
    </ClCompile>
    <ClCompile Include="Source\Config.cpp">
      <Filter>Source</Filter>
    </ClCompile>
    <ClCompile Include="Source\Half.cpp">
      <Filter>Source</Filter>
    </ClCompile>
    <ClCompile Include="Source\PixelIterator.cpp">
      <Filter>Source</Filter>
    </ClCompile>
    <ClCompile Include="Source\RgbColor.cpp">
      <Filter>Source</Filter>
    </ClCompile>
    <ClCompile Include="Source\Size.cpp">
      <Filter>Source</Filter>
    </ClCompile>
    <ClCompile Include="Source\PixelFormat.cpp">
      <Filter>Source</Filter>
    </ClCompile>
    <ClCompile Include="Source\Rectangle.cpp">
      <Filter>Source</Filter>
    </ClCompile>
    <ClCompile Include="Source\UInt128.cpp">
      <Filter>Source</Filter>
    </ClCompile>
  </ItemGroup>
  <ItemGroup>
    <ClInclude Include="Include\Nuclex\Pixels\Bitmap.h">
      <Filter>Include</Filter>
    </ClInclude>
    <ClInclude Include="Include\Nuclex\Pixels\BitmapMemory.h">
      <Filter>Include</Filter>
    </ClInclude>
    <ClInclude Include="Include\Nuclex\Pixels\Config.h">
      <Filter>Include</Filter>
    </ClInclude>
    <ClInclude Include="Include\Nuclex\Pixels\Half.h">
      <Filter>Include</Filter>
    </ClInclude>
    <ClInclude Include="Include\Nuclex\Pixels\PixelFormat.h">
      <Filter>Include</Filter>
    </ClInclude>
    <ClInclude Include="Include\Nuclex\Pixels\PixelIterator.h">
      <Filter>Include</Filter>
    </ClInclude>
    <ClInclude Include="Include\Nuclex\Pixels\RgbColor.h">
      <Filter>Include</Filter>
    </ClInclude>
    <ClInclude Include="Include\Nuclex\Pixels\Size.h">
      <Filter>Include</Filter>
    </ClInclude>
    <ClInclude Include="Include\Nuclex\Pixels\Rectangle.h">
      <Filter>Include</Filter>
    </ClInclude>
    <ClInclude Include="Include\Nuclex\Pixels\UInt128.h">
      <Filter>Include</Filter>
    </ClInclude>
  </ItemGroup>
  <ItemGroup>
    <None Include="Nuclex.Pixels.Native.def">
      <Filter>Resources</Filter>
    </None>
    <None Include="Documents\Design.md">
      <Filter>Documents</Filter>
    </None>
    <None Include="Documents\Algorithms.md">
      <Filter>Documents</Filter>
    </None>
  </ItemGroup>
</Project>